
Microsoft Visual Studio Solution File, Format Version 12.00
# Visual Studio Version 16
VisualStudioVersion = 16.0.30225.117
MinimumVisualStudioVersion = 10.0.40219.1
Project("{9A19103F-16F7-4668-BE54-9A1E7A4F7556}") = "RealEstate.Api", "RealEstate.Api\RealEstate.Api.csproj", "{F292DAE1-65C4-4516-A215-30D756B6E105}"
EndProject
Project("{9A19103F-16F7-4668-BE54-9A1E7A4F7556}") = "RealEstate.Core", "RealEstate.Core\RealEstate.Core.csproj", "{94901A93-74DD-4436-8275-636EE1AC82F1}"
EndProject
Project("{9A19103F-16F7-4668-BE54-9A1E7A4F7556}") = "RealEstate.Infrastructure", "RealEstate.Infrastructure\RealEstate.Infrastructure.csproj", "{3580AA8A-2AB3-47F0-9DD6-677D57617335}"
EndProject
Project("{FAE04EC0-301F-11D3-BF4B-00C04F79EFBC}") = "RealEstate.Services", "RealEstate.Services\RealEstate.Services.csproj", "{852342B3-8AF3-4BAE-BF9B-ED37D4903318}"
EndProject
Global
	GlobalSection(SolutionConfigurationPlatforms) = preSolution
		Debug|Any CPU = Debug|Any CPU
		Release|Any CPU = Release|Any CPU
	EndGlobalSection
	GlobalSection(ProjectConfigurationPlatforms) = postSolution
		{F292DAE1-65C4-4516-A215-30D756B6E105}.Debug|Any CPU.ActiveCfg = Debug|Any CPU
		{F292DAE1-65C4-4516-A215-30D756B6E105}.Debug|Any CPU.Build.0 = Debug|Any CPU
		{F292DAE1-65C4-4516-A215-30D756B6E105}.Release|Any CPU.ActiveCfg = Release|Any CPU
		{F292DAE1-65C4-4516-A215-30D756B6E105}.Release|Any CPU.Build.0 = Release|Any CPU
		{94901A93-74DD-4436-8275-636EE1AC82F1}.Debug|Any CPU.ActiveCfg = Debug|Any CPU
		{94901A93-74DD-4436-8275-636EE1AC82F1}.Debug|Any CPU.Build.0 = Debug|Any CPU
		{94901A93-74DD-4436-8275-636EE1AC82F1}.Release|Any CPU.ActiveCfg = Release|Any CPU
		{94901A93-74DD-4436-8275-636EE1AC82F1}.Release|Any CPU.Build.0 = Release|Any CPU
		{3580AA8A-2AB3-47F0-9DD6-677D57617335}.Debug|Any CPU.ActiveCfg = Debug|Any CPU
		{3580AA8A-2AB3-47F0-9DD6-677D57617335}.Debug|Any CPU.Build.0 = Debug|Any CPU
		{3580AA8A-2AB3-47F0-9DD6-677D57617335}.Release|Any CPU.ActiveCfg = Release|Any CPU
		{3580AA8A-2AB3-47F0-9DD6-677D57617335}.Release|Any CPU.Build.0 = Release|Any CPU
		{852342B3-8AF3-4BAE-BF9B-ED37D4903318}.Debug|Any CPU.ActiveCfg = Debug|Any CPU
		{852342B3-8AF3-4BAE-BF9B-ED37D4903318}.Debug|Any CPU.Build.0 = Debug|Any CPU
		{852342B3-8AF3-4BAE-BF9B-ED37D4903318}.Release|Any CPU.ActiveCfg = Release|Any CPU
		{852342B3-8AF3-4BAE-BF9B-ED37D4903318}.Release|Any CPU.Build.0 = Release|Any CPU
	EndGlobalSection
	GlobalSection(SolutionProperties) = preSolution
		HideSolutionNode = FALSE
	EndGlobalSection
	GlobalSection(ExtensibilityGlobals) = postSolution
		SolutionGuid = {83642FE7-8630-45D7-98AA-387C198D3572}
	EndGlobalSection
EndGlobal
